
Microsoft Visual Studio Solution File, Format Version 12.00
# Visual Studio Version 16
VisualStudioVersion = 16.0.30503.244
MinimumVisualStudioVersion = 10.0.40219.1
Project("{FAE04EC0-301F-11D3-BF4B-00C04F79EFBC}") = "University_ExtentionMethod", "University_ExtentionMethod\University_ExtentionMethod.csproj", "{32503556-F49B-4CDF-A9E2-8BEE11D808B9}"
EndProject
Global
	GlobalSection(SolutionConfigurationPlatforms) = preSolution
		Debug|Any CPU = Debug|Any CPU
		Release|Any CPU = Release|Any CPU
	EndGlobalSection
	GlobalSection(ProjectConfigurationPlatforms) = postSolution
		{32503556-F49B-4CDF-A9E2-8BEE11D808B9}.Debug|Any CPU.ActiveCfg = Debug|Any CPU
		{32503556-F49B-4CDF-A9E2-8BEE11D808B9}.Debug|Any CPU.Build.0 = Debug|Any CPU
		{32503556-F49B-4CDF-A9E2-8BEE11D808B9}.Release|Any CPU.ActiveCfg = Release|Any CPU
		{32503556-F49B-4CDF-A9E2-8BEE11D808B9}.Release|Any CPU.Build.0 = Release|Any CPU
	EndGlobalSection
	GlobalSection(SolutionProperties) = preSolution
		HideSolutionNode = FALSE
	EndGlobalSection
	GlobalSection(ExtensibilityGlobals) = postSolution
		SolutionGuid = {94CF8431-7681-4A4C-ADA5-6B865EB167A7}
	EndGlobalSection
EndGlobal
